
Microsoft Visual Studio Solution File, Format Version 12.00
# Visual Studio 2013
VisualStudioVersion = 12.0.21005.1
MinimumVisualStudioVersion = 10.0.40219.1
Project("{FAE04EC0-301F-11D3-BF4B-00C04F79EFBC}") = "StudentSystem.Models", "StudentSystem.Models\StudentSystem.Models.csproj", "{50FE8928-B867-49DC-9303-F56BDF54B939}"
EndProject
Project("{FAE04EC0-301F-11D3-BF4B-00C04F79EFBC}") = "StudentSystem.Entities", "StudentSystem.Entities\StudentSystem.Entities.csproj", "{468BCC41-F61E-4D9C-B958-A9D943574A89}"
EndProject
Project("{FAE04EC0-301F-11D3-BF4B-00C04F79EFBC}") = "StudentSystem.App", "StudentSystem.App\StudentSystem.App.csproj", "{41975229-6B78-4FDA-8085-8E8E624E8AE1}"
EndProject
Global
	GlobalSection(SolutionConfigurationPlatforms) = preSolution
		Debug|Any CPU = Debug|Any CPU
		Release|Any CPU = Release|Any CPU
	EndGlobalSection
	GlobalSection(ProjectConfigurationPlatforms) = postSolution
		{50FE8928-B867-49DC-9303-F56BDF54B939}.Debug|Any CPU.ActiveCfg = Debug|Any CPU
		{50FE8928-B867-49DC-9303-F56BDF54B939}.Debug|Any CPU.Build.0 = Debug|Any CPU
		{50FE8928-B867-49DC-9303-F56BDF54B939}.Release|Any CPU.ActiveCfg = Release|Any CPU
		{50FE8928-B867-49DC-9303-F56BDF54B939}.Release|Any CPU.Build.0 = Release|Any CPU
		{468BCC41-F61E-4D9C-B958-A9D943574A89}.Debug|Any CPU.ActiveCfg = Debug|Any CPU
		{468BCC41-F61E-4D9C-B958-A9D943574A89}.Debug|Any CPU.Build.0 = Debug|Any CPU
		{468BCC41-F61E-4D9C-B958-A9D943574A89}.Release|Any CPU.ActiveCfg = Release|Any CPU
		{468BCC41-F61E-4D9C-B958-A9D943574A89}.Release|Any CPU.Build.0 = Release|Any CPU
		{41975229-6B78-4FDA-8085-8E8E624E8AE1}.Debug|Any CPU.ActiveCfg = Debug|Any CPU
		{41975229-6B78-4FDA-8085-8E8E624E8AE1}.Debug|Any CPU.Build.0 = Debug|Any CPU
		{41975229-6B78-4FDA-8085-8E8E624E8AE1}.Release|Any CPU.ActiveCfg = Release|Any CPU
		{41975229-6B78-4FDA-8085-8E8E624E8AE1}.Release|Any CPU.Build.0 = Release|Any CPU
	EndGlobalSection
	GlobalSection(SolutionProperties) = preSolution
		HideSolutionNode = FALSE
	EndGlobalSection
EndGlobal
